
Microsoft Visual Studio Solution File, Format Version 12.00
# Visual Studio Version 17
VisualStudioVersion = 17.13.35919.96 d17.13
MinimumVisualStudioVersion = 10.0.40219.1
Project("{FAE04EC0-301F-11D3-BF4B-00C04F79EFBC}") = "Alarm Clock", "Alarm Clock.csproj", "{A13F3D98-D182-46F8-8A3A-E41CBB181185}"
EndProject
Global
	GlobalSection(SolutionConfigurationPlatforms) = preSolution
		Debug|Any CPU = Debug|Any CPU
		Release|Any CPU = Release|Any CPU
	EndGlobalSection
	GlobalSection(ProjectConfigurationPlatforms) = postSolution
		{A13F3D98-D182-46F8-8A3A-E41CBB181185}.Debug|Any CPU.ActiveCfg = Debug|Any CPU
		{A13F3D98-D182-46F8-8A3A-E41CBB181185}.Debug|Any CPU.Build.0 = Debug|Any CPU
		{A13F3D98-D182-46F8-8A3A-E41CBB181185}.Release|Any CPU.ActiveCfg = Release|Any CPU
		{A13F3D98-D182-46F8-8A3A-E41CBB181185}.Release|Any CPU.Build.0 = Release|Any CPU
	EndGlobalSection
	GlobalSection(SolutionProperties) = preSolution
		HideSolutionNode = FALSE
	EndGlobalSection
	GlobalSection(ExtensibilityGlobals) = postSolution
		SolutionGuid = {EE4C95D7-1BAB-4882-BB8C-DCACC2254574}
	EndGlobalSection
EndGlobal
